{
  "name": "@azbake/ingredient-service-bus-queue",
  "version": "0.1.0",
  "lockfileVersion": 1,
  "requires": true,
  "dependencies": {
    "@azbake/arm-helper": {
      "version": "0.1.47",
      "dependencies": {
        "@azbake/core": {
          "bundled": true
        }
      }
    },
    "@azbake/core": {
      "version": "0.1.47",
      "dev": true
    },
    "@azbake/ingredient-service-bus-namespace": {
      "version": "0.1.49",
      "resolved": "https://registry.npmjs.org/@azbake/ingredient-service-bus-namespace/-/ingredient-service-bus-namespace-0.1.49.tgz",
      "integrity": "sha512-KRs77NFDY2vaiuL43CJLRHf4f3yS82G44Iro6V9uHz1nnJzOF7FupJyEQy25V7NOGrdgwOkWTtypi9f2OxAZ3g==",
      "requires": {
        "@azbake/arm-helper": "^0.1.47"
      }
    },
    "@azbake/ingredient-utils": {
      "version": "0.1.47",
      "dev": true,
      "dependencies": {
        "@azbake/core": {
          "bundled": true
        }
      }
    }
  }
}
