{
  "name": "@azbake/ingredient-availability-set",
  "version": "0.1.57",
  "lockfileVersion": 1,
  "requires": true,
  "dependencies": {
    "@azbake/core": {
      "version": "0.1.47",
      "resolved": "https://registry.npmjs.org/@azbake/core/-/core-0.1.47.tgz",
      "integrity": "sha512-D+Zgxu3s+VneWC9flOR4ChwC1HbD3aUZxdJdoi92avkSMuWsaqx6Yp9L8McQwwmeiLFPf9Hgq7HOzSZPcA3GSQ==",
      "dev": true
    }
  }
}
